
Microsoft Visual Studio Solution File, Format Version 12.00
# Visual Studio Version 17
VisualStudioVersion = 17.8.34525.116
MinimumVisualStudioVersion = 10.0.40219.1
Project("{8BC9CEB8-8B4A-11D0-8D11-00A0C91BC942}") = "SFML template", "SFML template\SFML template.vcxproj", "{F0A2B83B-564D-4BC0-A32F-63A529EE34EF}"
EndProject
Global
	GlobalSection(SolutionConfigurationPlatforms) = preSolution
		Debug|x64 = Debug|x64
		Debug|x86 = Debug|x86
		Release|x64 = Release|x64
		Release|x86 = Release|x86
	EndGlobalSection
	GlobalSection(ProjectConfigurationPlatforms) = postSolution
		{F0A2B83B-564D-4BC0-A32F-63A529EE34EF}.Debug|x64.ActiveCfg = Debug|x64
		{F0A2B83B-564D-4BC0-A32F-63A529EE34EF}.Debug|x64.Build.0 = Debug|x64
		{F0A2B83B-564D-4BC0-A32F-63A529EE34EF}.Debug|x86.ActiveCfg = Debug|Win32
		{F0A2B83B-564D-4BC0-A32F-63A529EE34EF}.Debug|x86.Build.0 = Debug|Win32
		{F0A2B83B-564D-4BC0-A32F-63A529EE34EF}.Release|x64.ActiveCfg = Release|x64
		{F0A2B83B-564D-4BC0-A32F-63A529EE34EF}.Release|x64.Build.0 = Release|x64
		{F0A2B83B-564D-4BC0-A32F-63A529EE34EF}.Release|x86.ActiveCfg = Release|Win32
		{F0A2B83B-564D-4BC0-A32F-63A529EE34EF}.Release|x86.Build.0 = Release|Win32
	EndGlobalSection
	GlobalSection(SolutionProperties) = preSolution
		HideSolutionNode = FALSE
	EndGlobalSection
	GlobalSection(ExtensibilityGlobals) = postSolution
		SolutionGuid = {D5B01F9D-82D7-4ABA-ADA2-DDA9302E2B68}
	EndGlobalSection
EndGlobal
